// !$*UTF8*$!
{
	archiveVersion = 1;
	classes = {
	};
	objectVersion = 55;
	objects = {

/* Begin PBXBuildFile section */
		28A9C40C2817B7C9001B252F /* AppDelegate.swift in Sources */ = {isa = PBXBuildFile; fileRef = 28A9C40B2817B7C9001B252F /* AppDelegate.swift */; };
		28A9C4132817B7C9001B252F /* Main.storyboard in Resources */ = {isa = PBXBuildFile; fileRef = 28A9C4112817B7C9001B252F /* Main.storyboard */; };
		28A9C4162817B7C9001B252F /* NSC_iOS.xcdatamodeld in Sources */ = {isa = PBXBuildFile; fileRef = 28A9C4142817B7C9001B252F /* NSC_iOS.xcdatamodeld */; };
		28A9C4182817B7CA001B252F /* Assets.xcassets in Resources */ = {isa = PBXBuildFile; fileRef = 28A9C4172817B7CA001B252F /* Assets.xcassets */; };
		28A9C4282817C09A001B252F /* LaunchScreen.storyboard in Resources */ = {isa = PBXBuildFile; fileRef = 28A9C4272817C09A001B252F /* LaunchScreen.storyboard */; };
		9A2CFCCF2818139F000A2C1D /* ProfileVC.swift in Sources */ = {isa = PBXBuildFile; fileRef = 9A2CFCCE2818139F000A2C1D /* ProfileVC.swift */; };
		9A53D4CA281929B500226853 /* CampListVC.swift in Sources */ = {isa = PBXBuildFile; fileRef = 9A53D4C9281929B500226853 /* CampListVC.swift */; };
		9A53D4CD28192BE400226853 /* CampListCell.swift in Sources */ = {isa = PBXBuildFile; fileRef = 9A53D4CB28192BE400226853 /* CampListCell.swift */; };
		9A53D4CE28192BE400226853 /* CampListCell.xib in Resources */ = {isa = PBXBuildFile; fileRef = 9A53D4CC28192BE400226853 /* CampListCell.xib */; };
		9A53D4D0281936B400226853 /* CommonFunctions.swift in Sources */ = {isa = PBXBuildFile; fileRef = 9A53D4CF281936B400226853 /* CommonFunctions.swift */; };
		9A53D4D228193B6D00226853 /* CampDetailVC.swift in Sources */ = {isa = PBXBuildFile; fileRef = 9A53D4D128193B6D00226853 /* CampDetailVC.swift */; };
		9A53D4D428193C8500226853 /* DailyReportVC.swift in Sources */ = {isa = PBXBuildFile; fileRef = 9A53D4D328193C8500226853 /* DailyReportVC.swift */; };
		9A9725092818FB1E00F0E239 /* Montserrat-Medium.ttf in Resources */ = {isa = PBXBuildFile; fileRef = 9A9725012818FB1D00F0E239 /* Montserrat-Medium.ttf */; };
		9A97250A2818FB1E00F0E239 /* Montserrat-Light.ttf in Resources */ = {isa = PBXBuildFile; fileRef = 9A9725022818FB1D00F0E239 /* Montserrat-Light.ttf */; };
		9A97250B2818FB1E00F0E239 /* NewtextRegularBT.ttf in Resources */ = {isa = PBXBuildFile; fileRef = 9A9725032818FB1D00F0E239 /* NewtextRegularBT.ttf */; };
		9A97250C2818FB1E00F0E239 /* Montserrat-Bold.ttf in Resources */ = {isa = PBXBuildFile; fileRef = 9A9725042818FB1D00F0E239 /* Montserrat-Bold.ttf */; };
		9A97250D2818FB1E00F0E239 /* Montserrat-SemiBold.ttf in Resources */ = {isa = PBXBuildFile; fileRef = 9A9725052818FB1D00F0E239 /* Montserrat-SemiBold.ttf */; };
		9A97250E2818FB1E00F0E239 /* Montserrat-Regular.ttf in Resources */ = {isa = PBXBuildFile; fileRef = 9A9725062818FB1D00F0E239 /* Montserrat-Regular.ttf */; };
		9A97250F2818FB1E00F0E239 /* Montserrat-Italic.ttf in Resources */ = {isa = PBXBuildFile; fileRef = 9A9725072818FB1D00F0E239 /* Montserrat-Italic.ttf */; };
		9A9725102818FB1E00F0E239 /* Font.swift in Sources */ = {isa = PBXBuildFile; fileRef = 9A9725082818FB1D00F0E239 /* Font.swift */; };
		9AE8242F2817DF7800A29373 /* CardView.swift in Sources */ = {isa = PBXBuildFile; fileRef = 9AE8242C2817DF7800A29373 /* CardView.swift */; };
		9AE824302817DF7800A29373 /* Config.swift in Sources */ = {isa = PBXBuildFile; fileRef = 9AE8242D2817DF7800A29373 /* Config.swift */; };
		9AE824312817DF7800A29373 /* BackspaceTextField.swift in Sources */ = {isa = PBXBuildFile; fileRef = 9AE8242E2817DF7800A29373 /* BackspaceTextField.swift */; };
		9AE824382817DF8800A29373 /* OTPVC.swift in Sources */ = {isa = PBXBuildFile; fileRef = 9AE824332817DF8800A29373 /* OTPVC.swift */; };
		9AE824392817DF8800A29373 /* SplashVC.swift in Sources */ = {isa = PBXBuildFile; fileRef = 9AE824342817DF8800A29373 /* SplashVC.swift */; };
		9AE8243A2817DF8800A29373 /* LoginVC.swift in Sources */ = {isa = PBXBuildFile; fileRef = 9AE824352817DF8800A29373 /* LoginVC.swift */; };
		9AE8243B2817DF8800A29373 /* SignUpVC.swift in Sources */ = {isa = PBXBuildFile; fileRef = 9AE824362817DF8800A29373 /* SignUpVC.swift */; };
		9AE8243C2817DF8800A29373 /* CountryListVC.swift in Sources */ = {isa = PBXBuildFile; fileRef = 9AE824372817DF8800A29373 /* CountryListVC.swift */; };
		9AE8243F2817E25200A29373 /* CountryCell.xib in Resources */ = {isa = PBXBuildFile; fileRef = 9AE8243D2817E25200A29373 /* CountryCell.xib */; };
		9AE824402817E25200A29373 /* CountryCell.swift in Sources */ = {isa = PBXBuildFile; fileRef = 9AE8243E2817E25200A29373 /* CountryCell.swift */; };
		9AE824432817E51500A29373 /* UIViewExtension.swift in Sources */ = {isa = PBXBuildFile; fileRef = 9AE824422817E51500A29373 /* UIViewExtension.swift */; };
/* End PBXBuildFile section */

/* Begin PBXFileReference section */
		28A9C4082817B7C9001B252F /* NSC_iOS.app */ = {isa = PBXFileReference; explicitFileType = wrapper.application; includeInIndex = 0; path = NSC_iOS.app; sourceTree = BUILT_PRODUCTS_DIR; };
		28A9C40B2817B7C9001B252F /* AppDelegate.swift */ = {isa = PBXFileReference; lastKnownFileType = sourcecode.swift; path = AppDelegate.swift; sourceTree = "<group>"; };
		28A9C4122817B7C9001B252F /* Base */ = {isa = PBXFileReference; lastKnownFileType = file.storyboard; name = Base; path = Base.lproj/Main.storyboard; sourceTree = "<group>"; };
		28A9C4152817B7C9001B252F /* NSC_iOS.xcdatamodel */ = {isa = PBXFileReference; lastKnownFileType = wrapper.xcdatamodel; path = NSC_iOS.xcdatamodel; sourceTree = "<group>"; };
		28A9C4172817B7CA001B252F /* Assets.xcassets */ = {isa = PBXFileReference; lastKnownFileType = folder.assetcatalog; path = Assets.xcassets; sourceTree = "<group>"; };
		28A9C41C2817B7CA001B252F /* Info.plist */ = {isa = PBXFileReference; lastKnownFileType = text.plist.xml; path = Info.plist; sourceTree = "<group>"; };
		28A9C4272817C09A001B252F /* LaunchScreen.storyboard */ = {isa = PBXFileReference; lastKnownFileType = file.storyboard; path = LaunchScreen.storyboard; sourceTree = "<group>"; };
		9A2CFCCE2818139F000A2C1D /* ProfileVC.swift */ = {isa = PBXFileReference; lastKnownFileType = sourcecode.swift; path = ProfileVC.swift; sourceTree = "<group>"; };
		9A53D4C9281929B500226853 /* CampListVC.swift */ = {isa = PBXFileReference; lastKnownFileType = sourcecode.swift; path = CampListVC.swift; sourceTree = "<group>"; };
		9A53D4CB28192BE400226853 /* CampListCell.swift */ = {isa = PBXFileReference; lastKnownFileType = sourcecode.swift; path = CampListCell.swift; sourceTree = "<group>"; };
		9A53D4CC28192BE400226853 /* CampListCell.xib */ = {isa = PBXFileReference; lastKnownFileType = file.xib; path = CampListCell.xib; sourceTree = "<group>"; };
		9A53D4CF281936B400226853 /* CommonFunctions.swift */ = {isa = PBXFileReference; fileEncoding = 4; lastKnownFileType = sourcecode.swift; path = CommonFunctions.swift; sourceTree = "<group>"; };
		9A53D4D128193B6D00226853 /* CampDetailVC.swift */ = {isa = PBXFileReference; lastKnownFileType = sourcecode.swift; path = CampDetailVC.swift; sourceTree = "<group>"; };
		9A53D4D328193C8500226853 /* DailyReportVC.swift */ = {isa = PBXFileReference; lastKnownFileType = sourcecode.swift; path = DailyReportVC.swift; sourceTree = "<group>"; };
		9A9725012818FB1D00F0E239 /* Montserrat-Medium.ttf */ = {isa = PBXFileReference; lastKnownFileType = file; path = "Montserrat-Medium.ttf"; sourceTree = "<group>"; };
		9A9725022818FB1D00F0E239 /* Montserrat-Light.ttf */ = {isa = PBXFileReference; lastKnownFileType = file; path = "Montserrat-Light.ttf"; sourceTree = "<group>"; };
		9A9725032818FB1D00F0E239 /* NewtextRegularBT.ttf */ = {isa = PBXFileReference; lastKnownFileType = file; path = NewtextRegularBT.ttf; sourceTree = "<group>"; };
		9A9725042818FB1D00F0E239 /* Montserrat-Bold.ttf */ = {isa = PBXFileReference; lastKnownFileType = file; path = "Montserrat-Bold.ttf"; sourceTree = "<group>"; };
		9A9725052818FB1D00F0E239 /* Montserrat-SemiBold.ttf */ = {isa = PBXFileReference; lastKnownFileType = file; path = "Montserrat-SemiBold.ttf"; sourceTree = "<group>"; };
		9A9725062818FB1D00F0E239 /* Montserrat-Regular.ttf */ = {isa = PBXFileReference; lastKnownFileType = file; path = "Montserrat-Regular.ttf"; sourceTree = "<group>"; };
		9A9725072818FB1D00F0E239 /* Montserrat-Italic.ttf */ = {isa = PBXFileReference; lastKnownFileType = file; path = "Montserrat-Italic.ttf"; sourceTree = "<group>"; };
		9A9725082818FB1D00F0E239 /* Font.swift */ = {isa = PBXFileReference; fileEncoding = 4; lastKnownFileType = sourcecode.swift; path = Font.swift; sourceTree = "<group>"; };
		9AE8242C2817DF7800A29373 /* CardView.swift */ = {isa = PBXFileReference; fileEncoding = 4; lastKnownFileType = sourcecode.swift; path = CardView.swift; sourceTree = "<group>"; };
		9AE8242D2817DF7800A29373 /* Config.swift */ = {isa = PBXFileReference; fileEncoding = 4; lastKnownFileType = sourcecode.swift; path = Config.swift; sourceTree = "<group>"; };
		9AE8242E2817DF7800A29373 /* BackspaceTextField.swift */ = {isa = PBXFileReference; fileEncoding = 4; lastKnownFileType = sourcecode.swift; path = BackspaceTextField.swift; sourceTree = "<group>"; };
		9AE824332817DF8800A29373 /* OTPVC.swift */ = {isa = PBXFileReference; fileEncoding = 4; lastKnownFileType = sourcecode.swift; path = OTPVC.swift; sourceTree = "<group>"; };
		9AE824342817DF8800A29373 /* SplashVC.swift */ = {isa = PBXFileReference; fileEncoding = 4; lastKnownFileType = sourcecode.swift; path = SplashVC.swift; sourceTree = "<group>"; };
		9AE824352817DF8800A29373 /* LoginVC.swift */ = {isa = PBXFileReference; fileEncoding = 4; lastKnownFileType = sourcecode.swift; path = LoginVC.swift; sourceTree = "<group>"; };
		9AE824362817DF8800A29373 /* SignUpVC.swift */ = {isa = PBXFileReference; fileEncoding = 4; lastKnownFileType = sourcecode.swift; path = SignUpVC.swift; sourceTree = "<group>"; };
		9AE824372817DF8800A29373 /* CountryListVC.swift */ = {isa = PBXFileReference; fileEncoding = 4; lastKnownFileType = sourcecode.swift; path = CountryListVC.swift; sourceTree = "<group>"; };
		9AE8243D2817E25200A29373 /* CountryCell.xib */ = {isa = PBXFileReference; fileEncoding = 4; lastKnownFileType = file.xib; path = CountryCell.xib; sourceTree = "<group>"; };
		9AE8243E2817E25200A29373 /* CountryCell.swift */ = {isa = PBXFileReference; fileEncoding = 4; lastKnownFileType = sourcecode.swift; path = CountryCell.swift; sourceTree = "<group>"; };
		9AE824422817E51500A29373 /* UIViewExtension.swift */ = {isa = PBXFileReference; fileEncoding = 4; lastKnownFileType = sourcecode.swift; path = UIViewExtension.swift; sourceTree = "<group>"; };
/* End PBXFileReference section */

/* Begin PBXFrameworksBuildPhase section */
		28A9C4052817B7C9001B252F /* Frameworks */ = {
			isa = PBXFrameworksBuildPhase;
			buildActionMask = 2147483647;
			files = (
			);
			runOnlyForDeploymentPostprocessing = 0;
		};
/* End PBXFrameworksBuildPhase section */

/* Begin PBXGroup section */
		28A9C3FF2817B7C9001B252F = {
			isa = PBXGroup;
			children = (
				28A9C40A2817B7C9001B252F /* NSC_iOS */,
				28A9C4092817B7C9001B252F /* Products */,
			);
			sourceTree = "<group>";
		};
		28A9C4092817B7C9001B252F /* Products */ = {
			isa = PBXGroup;
			children = (
				28A9C4082817B7C9001B252F /* NSC_iOS.app */,
			);
			name = Products;
			sourceTree = "<group>";
		};
		28A9C40A2817B7C9001B252F /* NSC_iOS */ = {
			isa = PBXGroup;
			children = (
				28A9C40B2817B7C9001B252F /* AppDelegate.swift */,
				9AE8242B2817DF7800A29373 /* Helper_Class */,
				28A9C4262817BF8D001B252F /* ViewControllers */,
				28A9C4242817BF49001B252F /* Storyboards */,
				28A9C4252817BF59001B252F /* Supporting Files */,
			);
			path = NSC_iOS;
			sourceTree = "<group>";
		};
		28A9C4242817BF49001B252F /* Storyboards */ = {
			isa = PBXGroup;
			children = (
				28A9C4112817B7C9001B252F /* Main.storyboard */,
				28A9C4272817C09A001B252F /* LaunchScreen.storyboard */,
			);
			path = Storyboards;
			sourceTree = "<group>";
		};
		28A9C4252817BF59001B252F /* Supporting Files */ = {
			isa = PBXGroup;
			children = (
				9A9725002818FB1D00F0E239 /* Fonts */,
				28A9C41C2817B7CA001B252F /* Info.plist */,
				28A9C4172817B7CA001B252F /* Assets.xcassets */,
				28A9C4142817B7C9001B252F /* NSC_iOS.xcdatamodeld */,
			);
			path = "Supporting Files";
			sourceTree = "<group>";
		};
		28A9C4262817BF8D001B252F /* ViewControllers */ = {
			isa = PBXGroup;
			children = (
				9AE824322817DF8800A29373 /* UserModule */,
			);
			path = ViewControllers;
			sourceTree = "<group>";
		};
		9A9725002818FB1D00F0E239 /* Fonts */ = {
			isa = PBXGroup;
			children = (
				9A9725012818FB1D00F0E239 /* Montserrat-Medium.ttf */,
				9A9725022818FB1D00F0E239 /* Montserrat-Light.ttf */,
				9A9725032818FB1D00F0E239 /* NewtextRegularBT.ttf */,
				9A9725042818FB1D00F0E239 /* Montserrat-Bold.ttf */,
				9A9725052818FB1D00F0E239 /* Montserrat-SemiBold.ttf */,
				9A9725062818FB1D00F0E239 /* Montserrat-Regular.ttf */,
				9A9725072818FB1D00F0E239 /* Montserrat-Italic.ttf */,
				9A9725082818FB1D00F0E239 /* Font.swift */,
			);
			path = Fonts;
			sourceTree = "<group>";
		};
		9AE8242B2817DF7800A29373 /* Helper_Class */ = {
			isa = PBXGroup;
			children = (
				9A53D4CF281936B400226853 /* CommonFunctions.swift */,
				9AE824422817E51500A29373 /* UIViewExtension.swift */,
				9AE8242C2817DF7800A29373 /* CardView.swift */,
				9AE8242D2817DF7800A29373 /* Config.swift */,
				9AE8242E2817DF7800A29373 /* BackspaceTextField.swift */,
			);
			path = Helper_Class;
			sourceTree = "<group>";
		};
		9AE824322817DF8800A29373 /* UserModule */ = {
			isa = PBXGroup;
			children = (
				9AE824412817E25B00A29373 /* TableCell */,
				9AE824332817DF8800A29373 /* OTPVC.swift */,
				9AE824342817DF8800A29373 /* SplashVC.swift */,
				9AE824352817DF8800A29373 /* LoginVC.swift */,
				9AE824362817DF8800A29373 /* SignUpVC.swift */,
				9AE824372817DF8800A29373 /* CountryListVC.swift */,
				9A2CFCCE2818139F000A2C1D /* ProfileVC.swift */,
				9A53D4C9281929B500226853 /* CampListVC.swift */,
				9A53D4D128193B6D00226853 /* CampDetailVC.swift */,
				9A53D4D328193C8500226853 /* DailyReportVC.swift */,
			);
			path = UserModule;
			sourceTree = "<group>";
		};
		9AE824412817E25B00A29373 /* TableCell */ = {
			isa = PBXGroup;
			children = (
				9AE8243E2817E25200A29373 /* CountryCell.swift */,
				9AE8243D2817E25200A29373 /* CountryCell.xib */,
				9A53D4CB28192BE400226853 /* CampListCell.swift */,
				9A53D4CC28192BE400226853 /* CampListCell.xib */,
			);
			path = TableCell;
			sourceTree = "<group>";
		};
/* End PBXGroup section */

/* Begin PBXNativeTarget section */
		28A9C4072817B7C9001B252F /* NSC_iOS */ = {
			isa = PBXNativeTarget;
			buildConfigurationList = 28A9C41F2817B7CA001B252F /* Build configuration list for PBXNativeTarget "NSC_iOS" */;
			buildPhases = (
				28A9C4042817B7C9001B252F /* Sources */,
				28A9C4052817B7C9001B252F /* Frameworks */,
				28A9C4062817B7C9001B252F /* Resources */,
			);
			buildRules = (
			);
			dependencies = (
			);
			name = NSC_iOS;
			productName = NSC_iOS;
			productReference = 28A9C4082817B7C9001B252F /* NSC_iOS.app */;
			productType = "com.apple.product-type.application";
		};
/* End PBXNativeTarget section */

/* Begin PBXProject section */
		28A9C4002817B7C9001B252F /* Project object */ = {
			isa = PBXProject;
			attributes = {
				BuildIndependentTargetsInParallel = 1;
				LastSwiftUpdateCheck = 1310;
				LastUpgradeCheck = 1310;
				TargetAttributes = {
					28A9C4072817B7C9001B252F = {
						CreatedOnToolsVersion = 13.1;
					};
				};
			};
			buildConfigurationList = 28A9C4032817B7C9001B252F /* Build configuration list for PBXProject "NSC_iOS" */;
			compatibilityVersion = "Xcode 13.0";
			developmentRegion = en;
			hasScannedForEncodings = 0;
			knownRegions = (
				en,
				Base,
			);
			mainGroup = 28A9C3FF2817B7C9001B252F;
			productRefGroup = 28A9C4092817B7C9001B252F /* Products */;
			projectDirPath = "";
			projectRoot = "";
			targets = (
				28A9C4072817B7C9001B252F /* NSC_iOS */,
			);
		};
/* End PBXProject section */

/* Begin PBXResourcesBuildPhase section */
		28A9C4062817B7C9001B252F /* Resources */ = {
			isa = PBXResourcesBuildPhase;
			buildActionMask = 2147483647;
			files = (
				9A97250A2818FB1E00F0E239 /* Montserrat-Light.ttf in Resources */,
				9AE8243F2817E25200A29373 /* CountryCell.xib in Resources */,
				9A53D4CE28192BE400226853 /* CampListCell.xib in Resources */,
				9A97250F2818FB1E00F0E239 /* Montserrat-Italic.ttf in Resources */,
				9A9725092818FB1E00F0E239 /* Montserrat-Medium.ttf in Resources */,
				28A9C4282817C09A001B252F /* LaunchScreen.storyboard in Resources */,
				9A97250C2818FB1E00F0E239 /* Montserrat-Bold.ttf in Resources */,
				28A9C4182817B7CA001B252F /* Assets.xcassets in Resources */,
				9A97250D2818FB1E00F0E239 /* Montserrat-SemiBold.ttf in Resources */,
				9A97250B2818FB1E00F0E239 /* NewtextRegularBT.ttf in Resources */,
				9A97250E2818FB1E00F0E239 /* Montserrat-Regular.ttf in Resources */,
				28A9C4132817B7C9001B252F /* Main.storyboard in Resources */,
			);
			runOnlyForDeploymentPostprocessing = 0;
		};
/* End PBXResourcesBuildPhase section */

/* Begin PBXSourcesBuildPhase section */
		28A9C4042817B7C9001B252F /* Sources */ = {
			isa = PBXSourcesBuildPhase;
			buildActionMask = 2147483647;
			files = (
				9A53D4D428193C8500226853 /* DailyReportVC.swift in Sources */,
				28A9C40C2817B7C9001B252F /* AppDelegate.swift in Sources */,
				9A53D4D0281936B400226853 /* CommonFunctions.swift in Sources */,
				9AE824302817DF7800A29373 /* Config.swift in Sources */,
				9A9725102818FB1E00F0E239 /* Font.swift in Sources */,
				9AE824382817DF8800A29373 /* OTPVC.swift in Sources */,
				9AE8242F2817DF7800A29373 /* CardView.swift in Sources */,
				9AE824402817E25200A29373 /* CountryCell.swift in Sources */,
				9AE8243A2817DF8800A29373 /* LoginVC.swift in Sources */,
				9AE824432817E51500A29373 /* UIViewExtension.swift in Sources */,
				9AE8243C2817DF8800A29373 /* CountryListVC.swift in Sources */,
				9A53D4D228193B6D00226853 /* CampDetailVC.swift in Sources */,
				9A2CFCCF2818139F000A2C1D /* ProfileVC.swift in Sources */,
				9A53D4CD28192BE400226853 /* CampListCell.swift in Sources */,
				9A53D4CA281929B500226853 /* CampListVC.swift in Sources */,
				9AE824392817DF8800A29373 /* SplashVC.swift in Sources */,
				28A9C4162817B7C9001B252F /* NSC_iOS.xcdatamodeld in Sources */,
				9AE8243B2817DF8800A29373 /* SignUpVC.swift in Sources */,
				9AE824312817DF7800A29373 /* BackspaceTextField.swift in Sources */,
			);
			runOnlyForDeploymentPostprocessing = 0;
		};
/* End PBXSourcesBuildPhase section */

/* Begin PBXVariantGroup section */
		28A9C4112817B7C9001B252F /* Main.storyboard */ = {
			isa = PBXVariantGroup;
			children = (
				28A9C4122817B7C9001B252F /* Base */,
			);
			name = Main.storyboard;
			sourceTree = "<group>";
		};
/* End PBXVariantGroup section */

/* Begin XCBuildConfiguration section */
		28A9C41D2817B7CA001B252F /* Debug */ = {
			isa = XCBuildConfiguration;
			buildSettings = {
				ALWAYS_SEARCH_USER_PATHS = NO;
				CLANG_ANALYZER_NONNULL = YES;
				CLANG_ANALYZER_NUMBER_OBJECT_CONVERSION = YES_AGGRESSIVE;
				CLANG_CXX_LANGUAGE_STANDARD = "gnu++17";
				CLANG_CXX_LIBRARY = "libc++";
				CLANG_ENABLE_MODULES = YES;
				CLANG_ENABLE_OBJC_ARC = YES;
				CLANG_ENABLE_OBJC_WEAK = YES;
				CLANG_WARN_BLOCK_CAPTURE_AUTORELEASING = YES;
				CLANG_WARN_BOOL_CONVERSION = YES;
				CLANG_WARN_COMMA = YES;
				CLANG_WARN_CONSTANT_CONVERSION = YES;
				CLANG_WARN_DEPRECATED_OBJC_IMPLEMENTATIONS = YES;
				CLANG_WARN_DIRECT_OBJC_ISA_USAGE = YES_ERROR;
				CLANG_WARN_DOCUMENTATION_COMMENTS = YES;
				CLANG_WARN_EMPTY_BODY = YES;
				CLANG_WARN_ENUM_CONVERSION = YES;
				CLANG_WARN_INFINITE_RECURSION = YES;
				CLANG_WARN_INT_CONVERSION = YES;
				CLANG_WARN_NON_LITERAL_NULL_CONVERSION = YES;
				CLANG_WARN_OBJC_IMPLICIT_RETAIN_SELF = YES;
				CLANG_WARN_OBJC_LITERAL_CONVERSION = YES;
				CLANG_WARN_OBJC_ROOT_CLASS = YES_ERROR;
				CLANG_WARN_QUOTED_INCLUDE_IN_FRAMEWORK_HEADER = YES;
				CLANG_WARN_RANGE_LOOP_ANALYSIS = YES;
				CLANG_WARN_STRICT_PROTOTYPES = YES;
				CLANG_WARN_SUSPICIOUS_MOVE = YES;
				CLANG_WARN_UNGUARDED_AVAILABILITY = YES_AGGRESSIVE;
				CLANG_WARN_UNREACHABLE_CODE = YES;
				CLANG_WARN__DUPLICATE_METHOD_MATCH = YES;
				COPY_PHASE_STRIP = NO;
				DEBUG_INFORMATION_FORMAT = dwarf;
				ENABLE_STRICT_OBJC_MSGSEND = YES;
				ENABLE_TESTABILITY = YES;
				GCC_C_LANGUAGE_STANDARD = gnu11;
				GCC_DYNAMIC_NO_PIC = NO;
				GCC_NO_COMMON_BLOCKS = YES;
				GCC_OPTIMIZATION_LEVEL = 0;
				GCC_PREPROCESSOR_DEFINITIONS = (
					"DEBUG=1",
					"$(inherited)",
				);
				GCC_WARN_64_TO_32_BIT_CONVERSION = YES;
				GCC_WARN_ABOUT_RETURN_TYPE = YES_ERROR;
				GCC_WARN_UNDECLARED_SELECTOR = YES;
				GCC_WARN_UNINITIALIZED_AUTOS = YES_AGGRESSIVE;
				GCC_WARN_UNUSED_FUNCTION = YES;
				GCC_WARN_UNUSED_VARIABLE = YES;
				IPHONEOS_DEPLOYMENT_TARGET = 15.0;
				MTL_ENABLE_DEBUG_INFO = INCLUDE_SOURCE;
				MTL_FAST_MATH = YES;
				ONLY_ACTIVE_ARCH = YES;
				SDKROOT = iphoneos;
				SWIFT_ACTIVE_COMPILATION_CONDITIONS = DEBUG;
				SWIFT_OPTIMIZATION_LEVEL = "-Onone";
			};
			name = Debug;
		};
		28A9C41E2817B7CA001B252F /* Release */ = {
			isa = XCBuildConfiguration;
			buildSettings = {
				ALWAYS_SEARCH_USER_PATHS = NO;
				CLANG_ANALYZER_NONNULL = YES;
				CLANG_ANALYZER_NUMBER_OBJECT_CONVERSION = YES_AGGRESSIVE;
				CLANG_CXX_LANGUAGE_STANDARD = "gnu++17";
				CLANG_CXX_LIBRARY = "libc++";
				CLANG_ENABLE_MODULES = YES;
				CLANG_ENABLE_OBJC_ARC = YES;
				CLANG_ENABLE_OBJC_WEAK = YES;
				CLANG_WARN_BLOCK_CAPTURE_AUTORELEASING = YES;
				CLANG_WARN_BOOL_CONVERSION = YES;
				CLANG_WARN_COMMA = YES;
				CLANG_WARN_CONSTANT_CONVERSION = YES;
				CLANG_WARN_DEPRECATED_OBJC_IMPLEMENTATIONS = YES;
				CLANG_WARN_DIRECT_OBJC_ISA_USAGE = YES_ERROR;
				CLANG_WARN_DOCUMENTATION_COMMENTS = YES;
				CLANG_WARN_EMPTY_BODY = YES;
				CLANG_WARN_ENUM_CONVERSION = YES;
				CLANG_WARN_INFINITE_RECURSION = YES;
				CLANG_WARN_INT_CONVERSION = YES;
				CLANG_WARN_NON_LITERAL_NULL_CONVERSION = YES;
				CLANG_WARN_OBJC_IMPLICIT_RETAIN_SELF = YES;
				CLANG_WARN_OBJC_LITERAL_CONVERSION = YES;
				CLANG_WARN_OBJC_ROOT_CLASS = YES_ERROR;
				CLANG_WARN_QUOTED_INCLUDE_IN_FRAMEWORK_HEADER = YES;
				CLANG_WARN_RANGE_LOOP_ANALYSIS = YES;
				CLANG_WARN_STRICT_PROTOTYPES = YES;
				CLANG_WARN_SUSPICIOUS_MOVE = YES;
				CLANG_WARN_UNGUARDED_AVAILABILITY = YES_AGGRESSIVE;
				CLANG_WARN_UNREACHABLE_CODE = YES;
				CLANG_WARN__DUPLICATE_METHOD_MATCH = YES;
				COPY_PHASE_STRIP = NO;
				DEBUG_INFORMATION_FORMAT = "dwarf-with-dsym";
				ENABLE_NS_ASSERTIONS = NO;
				ENABLE_STRICT_OBJC_MSGSEND = YES;
				GCC_C_LANGUAGE_STANDARD = gnu11;
				GCC_NO_COMMON_BLOCKS = YES;
				GCC_WARN_64_TO_32_BIT_CONVERSION = YES;
				GCC_WARN_ABOUT_RETURN_TYPE = YES_ERROR;
				GCC_WARN_UNDECLARED_SELECTOR = YES;
				GCC_WARN_UNINITIALIZED_AUTOS = YES_AGGRESSIVE;
				GCC_WARN_UNUSED_FUNCTION = YES;
				GCC_WARN_UNUSED_VARIABLE = YES;
				IPHONEOS_DEPLOYMENT_TARGET = 15.0;
				MTL_ENABLE_DEBUG_INFO = NO;
				MTL_FAST_MATH = YES;
				SDKROOT = iphoneos;
				SWIFT_COMPILATION_MODE = wholemodule;
				SWIFT_OPTIMIZATION_LEVEL = "-O";
				VALIDATE_PRODUCT = YES;
			};
			name = Release;
		};
		28A9C4202817B7CA001B252F /* Debug */ = {
			isa = XCBuildConfiguration;
			buildSettings = {
				ASSETCATALOG_COMPILER_APPICON_NAME = AppIcon;
				ASSETCATALOG_COMPILER_GLOBAL_ACCENT_COLOR_NAME = AccentColor;
				CODE_SIGN_STYLE = Manual;
				CURRENT_PROJECT_VERSION = 1;
				DEVELOPMENT_TEAM = "";
				GENERATE_INFOPLIST_FILE = YES;
				INFOPLIST_FILE = NSC_iOS/Info.plist;
				INFOPLIST_KEY_CFBundleDisplayName = NSC;
				INFOPLIST_KEY_UIApplicationSupportsIndirectInputEvents = YES;
				INFOPLIST_KEY_UILaunchStoryboardName = LaunchScreen;
				INFOPLIST_KEY_UIMainStoryboardFile = Main;
				INFOPLIST_KEY_UISupportedInterfaceOrientations = UIInterfaceOrientationPortrait;
				INFOPLIST_KEY_UISupportedInterfaceOrientations_iPad = "UIInterfaceOrientationPortrait UIInterfaceOrientationPortraitUpsideDown UIInterfaceOrientationLandscapeLeft UIInterfaceOrientationLandscapeRight";
				INFOPLIST_KEY_UISupportedInterfaceOrientations_iPhone = "UIInterfaceOrientationPortrait UIInterfaceOrientationLandscapeLeft UIInterfaceOrientationLandscapeRight";
				IPHONEOS_DEPLOYMENT_TARGET = 11.0;
				LD_RUNPATH_SEARCH_PATHS = (
					"$(inherited)",
					"@executable_path/Frameworks",
				);
				MARKETING_VERSION = 1.0;
				PRODUCT_BUNDLE_IDENTIFIER = "com.NSC-iOS";
				PRODUCT_NAME = "$(TARGET_NAME)";
				PROVISIONING_PROFILE_SPECIFIER = "";
				SWIFT_EMIT_LOC_STRINGS = YES;
				SWIFT_VERSION = 5.0;
				TARGETED_DEVICE_FAMILY = 1;
			};
			name = Debug;
		};
		28A9C4212817B7CA001B252F /* Release */ = {
			isa = XCBuildConfiguration;
			buildSettings = {
				ASSETCATALOG_COMPILER_APPICON_NAME = AppIcon;
				ASSETCATALOG_COMPILER_GLOBAL_ACCENT_COLOR_NAME = AccentColor;
				CODE_SIGN_STYLE = Manual;
				CURRENT_PROJECT_VERSION = 1;
				DEVELOPMENT_TEAM = "";
				GENERATE_INFOPLIST_FILE = YES;
				INFOPLIST_FILE = NSC_iOS/Info.plist;
				INFOPLIST_KEY_CFBundleDisplayName = NSC;
				INFOPLIST_KEY_UIApplicationSupportsIndirectInputEvents = YES;
				INFOPLIST_KEY_UILaunchStoryboardName = LaunchScreen;
				INFOPLIST_KEY_UIMainStoryboardFile = Main;
				INFOPLIST_KEY_UISupportedInterfaceOrientations = UIInterfaceOrientationPortrait;
				INFOPLIST_KEY_UISupportedInterfaceOrientations_iPad = "UIInterfaceOrientationPortrait UIInterfaceOrientationPortraitUpsideDown UIInterfaceOrientationLandscapeLeft UIInterfaceOrientationLandscapeRight";
				INFOPLIST_KEY_UISupportedInterfaceOrientations_iPhone = "UIInterfaceOrientationPortrait UIInterfaceOrientationLandscapeLeft UIInterfaceOrientationLandscapeRight";
				IPHONEOS_DEPLOYMENT_TARGET = 11.0;
				LD_RUNPATH_SEARCH_PATHS = (
					"$(inherited)",
					"@executable_path/Frameworks",
				);
				MARKETING_VERSION = 1.0;
				PRODUCT_BUNDLE_IDENTIFIER = "com.NSC-iOS";
				PRODUCT_NAME = "$(TARGET_NAME)";
				PROVISIONING_PROFILE_SPECIFIER = "";
				SWIFT_EMIT_LOC_STRINGS = YES;
				SWIFT_VERSION = 5.0;
				TARGETED_DEVICE_FAMILY = 1;
			};
			name = Release;
		};
/* End XCBuildConfiguration section */

/* Begin XCConfigurationList section */
		28A9C4032817B7C9001B252F /* Build configuration list for PBXProject "NSC_iOS" */ = {
			isa = XCConfigurationList;
			buildConfigurations = (
				28A9C41D2817B7CA001B252F /* Debug */,
				28A9C41E2817B7CA001B252F /* Release */,
			);
			defaultConfigurationIsVisible = 0;
			defaultConfigurationName = Release;
		};
		28A9C41F2817B7CA001B252F /* Build configuration list for PBXNativeTarget "NSC_iOS" */ = {
			isa = XCConfigurationList;
			buildConfigurations = (
				28A9C4202817B7CA001B252F /* Debug */,
				28A9C4212817B7CA001B252F /* Release */,
			);
			defaultConfigurationIsVisible = 0;
			defaultConfigurationName = Release;
		};
/* End XCConfigurationList section */

/* Begin XCVersionGroup section */
		28A9C4142817B7C9001B252F /* NSC_iOS.xcdatamodeld */ = {
			isa = XCVersionGroup;
			children = (
				28A9C4152817B7C9001B252F /* NSC_iOS.xcdatamodel */,
			);
			currentVersion = 28A9C4152817B7C9001B252F /* NSC_iOS.xcdatamodel */;
			path = NSC_iOS.xcdatamodeld;
			sourceTree = "<group>";
			versionGroupType = wrapper.xcdatamodel;
		};
/* End XCVersionGroup section */
	};
	rootObject = 28A9C4002817B7C9001B252F /* Project object */;
}
